// !$*UTF8*$!
{
	archiveVersion = 1;
	classes = {
	};
	objectVersion = 56;
	objects = {

/* Begin PBXBuildFile section */
		C803F2982C2C6CF200B05D4E /* Color+Extensions.swift in Sources */ = {isa = PBXBuildFile; fileRef = C803F2972C2C6CF200B05D4E /* Color+Extensions.swift */; };
		C803F29A2C2C98B400B05D4E /* DailyForecastTableViewCell.swift in Sources */ = {isa = PBXBuildFile; fileRef = C803F2992C2C98B400B05D4E /* DailyForecastTableViewCell.swift */; };
		C803F29C2C2CAD2500B05D4E /* UIView+Extensions.swift in Sources */ = {isa = PBXBuildFile; fileRef = C803F29B2C2CAD2500B05D4E /* UIView+Extensions.swift */; };
		C85F6B412C279C140037135F /* HourlyForecastCollectionViewCell.swift in Sources */ = {isa = PBXBuildFile; fileRef = C85F6B402C279C140037135F /* HourlyForecastCollectionViewCell.swift */; };
		C87267F02C1F6DB9008FB4D4 /* AppDelegate.swift in Sources */ = {isa = PBXBuildFile; fileRef = C87267EF2C1F6DB9008FB4D4 /* AppDelegate.swift */; };
		C87267F22C1F6DB9008FB4D4 /* SceneDelegate.swift in Sources */ = {isa = PBXBuildFile; fileRef = C87267F12C1F6DB9008FB4D4 /* SceneDelegate.swift */; };
		C87267F42C1F6DB9008FB4D4 /* ViewController.swift in Sources */ = {isa = PBXBuildFile; fileRef = C87267F32C1F6DB9008FB4D4 /* ViewController.swift */; };
		C87267F92C1F6DBA008FB4D4 /* Assets.xcassets in Resources */ = {isa = PBXBuildFile; fileRef = C87267F82C1F6DBA008FB4D4 /* Assets.xcassets */; };
		C87267FC2C1F6DBA008FB4D4 /* Base in Resources */ = {isa = PBXBuildFile; fileRef = C87267FB2C1F6DBA008FB4D4 /* Base */; };
		C87268072C1F6DBA008FB4D4 /* Weather_AppTests.swift in Sources */ = {isa = PBXBuildFile; fileRef = C87268062C1F6DBA008FB4D4 /* Weather_AppTests.swift */; };
		C87268112C1F6DBA008FB4D4 /* Weather_AppUITests.swift in Sources */ = {isa = PBXBuildFile; fileRef = C87268102C1F6DBA008FB4D4 /* Weather_AppUITests.swift */; };
		C87268132C1F6DBA008FB4D4 /* Weather_AppUITestsLaunchTests.swift in Sources */ = {isa = PBXBuildFile; fileRef = C87268122C1F6DBA008FB4D4 /* Weather_AppUITestsLaunchTests.swift */; };
		C875260E2C2DC0ED000F36DC /* Service.swift in Sources */ = {isa = PBXBuildFile; fileRef = C875260D2C2DC0ED000F36DC /* Service.swift */; };
/* End PBXBuildFile section */

/* Begin PBXContainerItemProxy section */
		C87268032C1F6DBA008FB4D4 /* PBXContainerItemProxy */ = {
			isa = PBXContainerItemProxy;
			containerPortal = C87267E42C1F6DB9008FB4D4 /* Project object */;
			proxyType = 1;
			remoteGlobalIDString = C87267EB2C1F6DB9008FB4D4;
			remoteInfo = "Weather App";
		};
		C872680D2C1F6DBA008FB4D4 /* PBXContainerItemProxy */ = {
			isa = PBXContainerItemProxy;
			containerPortal = C87267E42C1F6DB9008FB4D4 /* Project object */;
			proxyType = 1;
			remoteGlobalIDString = C87267EB2C1F6DB9008FB4D4;
			remoteInfo = "Weather App";
		};
/* End PBXContainerItemProxy section */

/* Begin PBXFileReference section */
		C803F2972C2C6CF200B05D4E /* Color+Extensions.swift */ = {isa = PBXFileReference; lastKnownFileType = sourcecode.swift; path = "Color+Extensions.swift"; sourceTree = "<group>"; };
		C803F2992C2C98B400B05D4E /* DailyForecastTableViewCell.swift */ = {isa = PBXFileReference; lastKnownFileType = sourcecode.swift; path = DailyForecastTableViewCell.swift; sourceTree = "<group>"; };
		C803F29B2C2CAD2500B05D4E /* UIView+Extensions.swift */ = {isa = PBXFileReference; lastKnownFileType = sourcecode.swift; path = "UIView+Extensions.swift"; sourceTree = "<group>"; };
		C85F6B402C279C140037135F /* HourlyForecastCollectionViewCell.swift */ = {isa = PBXFileReference; lastKnownFileType = sourcecode.swift; path = HourlyForecastCollectionViewCell.swift; sourceTree = "<group>"; };
		C87267EC2C1F6DB9008FB4D4 /* Weather App.app */ = {isa = PBXFileReference; explicitFileType = wrapper.application; includeInIndex = 0; path = "Weather App.app"; sourceTree = BUILT_PRODUCTS_DIR; };
		C87267EF2C1F6DB9008FB4D4 /* AppDelegate.swift */ = {isa = PBXFileReference; lastKnownFileType = sourcecode.swift; path = AppDelegate.swift; sourceTree = "<group>"; };
		C87267F12C1F6DB9008FB4D4 /* SceneDelegate.swift */ = {isa = PBXFileReference; lastKnownFileType = sourcecode.swift; path = SceneDelegate.swift; sourceTree = "<group>"; };
		C87267F32C1F6DB9008FB4D4 /* ViewController.swift */ = {isa = PBXFileReference; lastKnownFileType = sourcecode.swift; path = ViewController.swift; sourceTree = "<group>"; };
		C87267F82C1F6DBA008FB4D4 /* Assets.xcassets */ = {isa = PBXFileReference; lastKnownFileType = folder.assetcatalog; path = Assets.xcassets; sourceTree = "<group>"; };
		C87267FB2C1F6DBA008FB4D4 /* Base */ = {isa = PBXFileReference; lastKnownFileType = file.storyboard; name = Base; path = Base.lproj/LaunchScreen.storyboard; sourceTree = "<group>"; };
		C87267FD2C1F6DBA008FB4D4 /* Info.plist */ = {isa = PBXFileReference; lastKnownFileType = text.plist.xml; path = Info.plist; sourceTree = "<group>"; };
		C87268022C1F6DBA008FB4D4 /* Weather AppTests.xctest */ = {isa = PBXFileReference; explicitFileType = wrapper.cfbundle; includeInIndex = 0; path = "Weather AppTests.xctest"; sourceTree = BUILT_PRODUCTS_DIR; };
		C87268062C1F6DBA008FB4D4 /* Weather_AppTests.swift */ = {isa = PBXFileReference; lastKnownFileType = sourcecode.swift; path = Weather_AppTests.swift; sourceTree = "<group>"; };
		C872680C2C1F6DBA008FB4D4 /* Weather AppUITests.xctest */ = {isa = PBXFileReference; explicitFileType = wrapper.cfbundle; includeInIndex = 0; path = "Weather AppUITests.xctest"; sourceTree = BUILT_PRODUCTS_DIR; };
		C87268102C1F6DBA008FB4D4 /* Weather_AppUITests.swift */ = {isa = PBXFileReference; lastKnownFileType = sourcecode.swift; path = Weather_AppUITests.swift; sourceTree = "<group>"; };
		C87268122C1F6DBA008FB4D4 /* Weather_AppUITestsLaunchTests.swift */ = {isa = PBXFileReference; lastKnownFileType = sourcecode.swift; path = Weather_AppUITestsLaunchTests.swift; sourceTree = "<group>"; };
		C875260D2C2DC0ED000F36DC /* Service.swift */ = {isa = PBXFileReference; lastKnownFileType = sourcecode.swift; path = Service.swift; sourceTree = "<group>"; };
/* End PBXFileReference section */

/* Begin PBXFrameworksBuildPhase section */
		C87267E92C1F6DB9008FB4D4 /* Frameworks */ = {
			isa = PBXFrameworksBuildPhase;
			buildActionMask = 2147483647;
			files = (
			);
			runOnlyForDeploymentPostprocessing = 0;
		};
		C87267FF2C1F6DBA008FB4D4 /* Frameworks */ = {
			isa = PBXFrameworksBuildPhase;
			buildActionMask = 2147483647;
			files = (
			);
			runOnlyForDeploymentPostprocessing = 0;
		};
		C87268092C1F6DBA008FB4D4 /* Frameworks */ = {
			isa = PBXFrameworksBuildPhase;
			buildActionMask = 2147483647;
			files = (
			);
			runOnlyForDeploymentPostprocessing = 0;
		};
/* End PBXFrameworksBuildPhase section */

/* Begin PBXGroup section */
		C87267E32C1F6DB9008FB4D4 = {
			isa = PBXGroup;
			children = (
				C87267EE2C1F6DB9008FB4D4 /* Weather App */,
				C87268052C1F6DBA008FB4D4 /* Weather AppTests */,
				C872680F2C1F6DBA008FB4D4 /* Weather AppUITests */,
				C87267ED2C1F6DB9008FB4D4 /* Products */,
			);
			sourceTree = "<group>";
		};
		C87267ED2C1F6DB9008FB4D4 /* Products */ = {
			isa = PBXGroup;
			children = (
				C87267EC2C1F6DB9008FB4D4 /* Weather App.app */,
				C87268022C1F6DBA008FB4D4 /* Weather AppTests.xctest */,
				C872680C2C1F6DBA008FB4D4 /* Weather AppUITests.xctest */,
			);
			name = Products;
			sourceTree = "<group>";
		};
		C87267EE2C1F6DB9008FB4D4 /* Weather App */ = {
			isa = PBXGroup;
			children = (
				C87267EF2C1F6DB9008FB4D4 /* AppDelegate.swift */,
				C87267F12C1F6DB9008FB4D4 /* SceneDelegate.swift */,
				C87267F32C1F6DB9008FB4D4 /* ViewController.swift */,
				C85F6B402C279C140037135F /* HourlyForecastCollectionViewCell.swift */,
				C803F2972C2C6CF200B05D4E /* Color+Extensions.swift */,
				C875260D2C2DC0ED000F36DC /* Service.swift */,
				C803F2992C2C98B400B05D4E /* DailyForecastTableViewCell.swift */,
				C803F29B2C2CAD2500B05D4E /* UIView+Extensions.swift */,
				C87267F82C1F6DBA008FB4D4 /* Assets.xcassets */,
				C87267FA2C1F6DBA008FB4D4 /* LaunchScreen.storyboard */,
				C87267FD2C1F6DBA008FB4D4 /* Info.plist */,
			);
			path = "Weather App";
			sourceTree = "<group>";
		};
		C87268052C1F6DBA008FB4D4 /* Weather AppTests */ = {
			isa = PBXGroup;
			children = (
				C87268062C1F6DBA008FB4D4 /* Weather_AppTests.swift */,
			);
			path = "Weather AppTests";
			sourceTree = "<group>";
		};
		C872680F2C1F6DBA008FB4D4 /* Weather AppUITests */ = {
			isa = PBXGroup;
			children = (
				C87268102C1F6DBA008FB4D4 /* Weather_AppUITests.swift */,
				C87268122C1F6DBA008FB4D4 /* Weather_AppUITestsLaunchTests.swift */,
			);
			path = "Weather AppUITests";
			sourceTree = "<group>";
		};
/* End PBXGroup section */

/* Begin PBXNativeTarget section */
		C87267EB2C1F6DB9008FB4D4 /* Weather App */ = {
			isa = PBXNativeTarget;
			buildConfigurationList = C87268162C1F6DBA008FB4D4 /* Build configuration list for PBXNativeTarget "Weather App" */;
			buildPhases = (
				C87267E82C1F6DB9008FB4D4 /* Sources */,
				C87267E92C1F6DB9008FB4D4 /* Frameworks */,
				C87267EA2C1F6DB9008FB4D4 /* Resources */,
			);
			buildRules = (
			);
			dependencies = (
			);
			name = "Weather App";
			productName = "Weather App";
			productReference = C87267EC2C1F6DB9008FB4D4 /* Weather App.app */;
			productType = "com.apple.product-type.application";
		};
		C87268012C1F6DBA008FB4D4 /* Weather AppTests */ = {
			isa = PBXNativeTarget;
			buildConfigurationList = C87268192C1F6DBA008FB4D4 /* Build configuration list for PBXNativeTarget "Weather AppTests" */;
			buildPhases = (
				C87267FE2C1F6DBA008FB4D4 /* Sources */,
				C87267FF2C1F6DBA008FB4D4 /* Frameworks */,
				C87268002C1F6DBA008FB4D4 /* Resources */,
			);
			buildRules = (
			);
			dependencies = (
				C87268042C1F6DBA008FB4D4 /* PBXTargetDependency */,
			);
			name = "Weather AppTests";
			productName = "Weather AppTests";
			productReference = C87268022C1F6DBA008FB4D4 /* Weather AppTests.xctest */;
			productType = "com.apple.product-type.bundle.unit-test";
		};
		C872680B2C1F6DBA008FB4D4 /* Weather AppUITests */ = {
			isa = PBXNativeTarget;
			buildConfigurationList = C872681C2C1F6DBA008FB4D4 /* Build configuration list for PBXNativeTarget "Weather AppUITests" */;
			buildPhases = (
				C87268082C1F6DBA008FB4D4 /* Sources */,
				C87268092C1F6DBA008FB4D4 /* Frameworks */,
				C872680A2C1F6DBA008FB4D4 /* Resources */,
			);
			buildRules = (
			);
			dependencies = (
				C872680E2C1F6DBA008FB4D4 /* PBXTargetDependency */,
			);
			name = "Weather AppUITests";
			productName = "Weather AppUITests";
			productReference = C872680C2C1F6DBA008FB4D4 /* Weather AppUITests.xctest */;
			productType = "com.apple.product-type.bundle.ui-testing";
		};
/* End PBXNativeTarget section */

/* Begin PBXProject section */
		C87267E42C1F6DB9008FB4D4 /* Project object */ = {
			isa = PBXProject;
			attributes = {
				BuildIndependentTargetsInParallel = 1;
				LastSwiftUpdateCheck = 1540;
				LastUpgradeCheck = 1540;
				TargetAttributes = {
					C87267EB2C1F6DB9008FB4D4 = {
						CreatedOnToolsVersion = 15.4;
					};
					C87268012C1F6DBA008FB4D4 = {
						CreatedOnToolsVersion = 15.4;
						TestTargetID = C87267EB2C1F6DB9008FB4D4;
					};
					C872680B2C1F6DBA008FB4D4 = {
						CreatedOnToolsVersion = 15.4;
						TestTargetID = C87267EB2C1F6DB9008FB4D4;
					};
				};
			};
			buildConfigurationList = C87267E72C1F6DB9008FB4D4 /* Build configuration list for PBXProject "Weather App" */;
			compatibilityVersion = "Xcode 14.0";
			developmentRegion = en;
			hasScannedForEncodings = 0;
			knownRegions = (
				en,
				Base,
			);
			mainGroup = C87267E32C1F6DB9008FB4D4;
			productRefGroup = C87267ED2C1F6DB9008FB4D4 /* Products */;
			projectDirPath = "";
			projectRoot = "";
			targets = (
				C87267EB2C1F6DB9008FB4D4 /* Weather App */,
				C87268012C1F6DBA008FB4D4 /* Weather AppTests */,
				C872680B2C1F6DBA008FB4D4 /* Weather AppUITests */,
			);
		};
/* End PBXProject section */

/* Begin PBXResourcesBuildPhase section */
		C87267EA2C1F6DB9008FB4D4 /* Resources */ = {
			isa = PBXResourcesBuildPhase;
			buildActionMask = 2147483647;
			files = (
				C87267F92C1F6DBA008FB4D4 /* Assets.xcassets in Resources */,
				C87267FC2C1F6DBA008FB4D4 /* Base in Resources */,
			);
			runOnlyForDeploymentPostprocessing = 0;
		};
		C87268002C1F6DBA008FB4D4 /* Resources */ = {
			isa = PBXResourcesBuildPhase;
			buildActionMask = 2147483647;
			files = (
			);
			runOnlyForDeploymentPostprocessing = 0;
		};
		C872680A2C1F6DBA008FB4D4 /* Resources */ = {
			isa = PBXResourcesBuildPhase;
			buildActionMask = 2147483647;
			files = (
			);
			runOnlyForDeploymentPostprocessing = 0;
		};
/* End PBXResourcesBuildPhase section */

/* Begin PBXSourcesBuildPhase section */
		C87267E82C1F6DB9008FB4D4 /* Sources */ = {
			isa = PBXSourcesBuildPhase;
			buildActionMask = 2147483647;
			files = (
				C803F29C2C2CAD2500B05D4E /* UIView+Extensions.swift in Sources */,
				C875260E2C2DC0ED000F36DC /* Service.swift in Sources */,
				C803F2982C2C6CF200B05D4E /* Color+Extensions.swift in Sources */,
				C87267F42C1F6DB9008FB4D4 /* ViewController.swift in Sources */,
				C803F29A2C2C98B400B05D4E /* DailyForecastTableViewCell.swift in Sources */,
				C87267F02C1F6DB9008FB4D4 /* AppDelegate.swift in Sources */,
				C85F6B412C279C140037135F /* HourlyForecastCollectionViewCell.swift in Sources */,
				C87267F22C1F6DB9008FB4D4 /* SceneDelegate.swift in Sources */,
			);
			runOnlyForDeploymentPostprocessing = 0;
		};
		C87267FE2C1F6DBA008FB4D4 /* Sources */ = {
			isa = PBXSourcesBuildPhase;
			buildActionMask = 2147483647;
			files = (
				C87268072C1F6DBA008FB4D4 /* Weather_AppTests.swift in Sources */,
			);
			runOnlyForDeploymentPostprocessing = 0;
		};
		C87268082C1F6DBA008FB4D4 /* Sources */ = {
			isa = PBXSourcesBuildPhase;
			buildActionMask = 2147483647;
			files = (
				C87268112C1F6DBA008FB4D4 /* Weather_AppUITests.swift in Sources */,
				C87268132C1F6DBA008FB4D4 /* Weather_AppUITestsLaunchTests.swift in Sources */,
			);
			runOnlyForDeploymentPostprocessing = 0;
		};
/* End PBXSourcesBuildPhase section */

/* Begin PBXTargetDependency section */
		C87268042C1F6DBA008FB4D4 /* PBXTargetDependency */ = {
			isa = PBXTargetDependency;
			target = C87267EB2C1F6DB9008FB4D4 /* Weather App */;
			targetProxy = C87268032C1F6DBA008FB4D4 /* PBXContainerItemProxy */;
		};
		C872680E2C1F6DBA008FB4D4 /* PBXTargetDependency */ = {
			isa = PBXTargetDependency;
			target = C87267EB2C1F6DB9008FB4D4 /* Weather App */;
			targetProxy = C872680D2C1F6DBA008FB4D4 /* PBXContainerItemProxy */;
		};
/* End PBXTargetDependency section */

/* Begin PBXVariantGroup section */
		C87267FA2C1F6DBA008FB4D4 /* LaunchScreen.storyboard */ = {
			isa = PBXVariantGroup;
			children = (
				C87267FB2C1F6DBA008FB4D4 /* Base */,
			);
			name = LaunchScreen.storyboard;
			sourceTree = "<group>";
		};
/* End PBXVariantGroup section */

/* Begin XCBuildConfiguration section */
		C87268142C1F6DBA008FB4D4 /* Debug */ = {
			isa = XCBuildConfiguration;
			buildSettings = {
				ALWAYS_SEARCH_USER_PATHS = NO;
				ASSETCATALOG_COMPILER_GENERATE_SWIFT_ASSET_SYMBOL_EXTENSIONS = YES;
				CLANG_ANALYZER_NONNULL = YES;
				CLANG_ANALYZER_NUMBER_OBJECT_CONVERSION = YES_AGGRESSIVE;
				CLANG_CXX_LANGUAGE_STANDARD = "gnu++20";
				CLANG_ENABLE_MODULES = YES;
				CLANG_ENABLE_OBJC_ARC = YES;
				CLANG_ENABLE_OBJC_WEAK = YES;
				CLANG_WARN_BLOCK_CAPTURE_AUTORELEASING = YES;
				CLANG_WARN_BOOL_CONVERSION = YES;
				CLANG_WARN_COMMA = YES;
				CLANG_WARN_CONSTANT_CONVERSION = YES;
				CLANG_WARN_DEPRECATED_OBJC_IMPLEMENTATIONS = YES;
				CLANG_WARN_DIRECT_OBJC_ISA_USAGE = YES_ERROR;
				CLANG_WARN_DOCUMENTATION_COMMENTS = YES;
				CLANG_WARN_EMPTY_BODY = YES;
				CLANG_WARN_ENUM_CONVERSION = YES;
				CLANG_WARN_INFINITE_RECURSION = YES;
				CLANG_WARN_INT_CONVERSION = YES;
				CLANG_WARN_NON_LITERAL_NULL_CONVERSION = YES;
				CLANG_WARN_OBJC_IMPLICIT_RETAIN_SELF = YES;
				CLANG_WARN_OBJC_LITERAL_CONVERSION = YES;
				CLANG_WARN_OBJC_ROOT_CLASS = YES_ERROR;
				CLANG_WARN_QUOTED_INCLUDE_IN_FRAMEWORK_HEADER = YES;
				CLANG_WARN_RANGE_LOOP_ANALYSIS = YES;
				CLANG_WARN_STRICT_PROTOTYPES = YES;
				CLANG_WARN_SUSPICIOUS_MOVE = YES;
				CLANG_WARN_UNGUARDED_AVAILABILITY = YES_AGGRESSIVE;
				CLANG_WARN_UNREACHABLE_CODE = YES;
				CLANG_WARN__DUPLICATE_METHOD_MATCH = YES;
				COPY_PHASE_STRIP = NO;
				DEBUG_INFORMATION_FORMAT = dwarf;
				ENABLE_STRICT_OBJC_MSGSEND = YES;
				ENABLE_TESTABILITY = YES;
				ENABLE_USER_SCRIPT_SANDBOXING = YES;
				GCC_C_LANGUAGE_STANDARD = gnu17;
				GCC_DYNAMIC_NO_PIC = NO;
				GCC_NO_COMMON_BLOCKS = YES;
				GCC_OPTIMIZATION_LEVEL = 0;
				GCC_PREPROCESSOR_DEFINITIONS = (
					"DEBUG=1",
					"$(inherited)",
				);
				GCC_WARN_64_TO_32_BIT_CONVERSION = YES;
				GCC_WARN_ABOUT_RETURN_TYPE = YES_ERROR;
				GCC_WARN_UNDECLARED_SELECTOR = YES;
				GCC_WARN_UNINITIALIZED_AUTOS = YES_AGGRESSIVE;
				GCC_WARN_UNUSED_FUNCTION = YES;
				GCC_WARN_UNUSED_VARIABLE = YES;
				IPHONEOS_DEPLOYMENT_TARGET = 17.5;
				LOCALIZATION_PREFERS_STRING_CATALOGS = YES;
				MTL_ENABLE_DEBUG_INFO = INCLUDE_SOURCE;
				MTL_FAST_MATH = YES;
				ONLY_ACTIVE_ARCH = YES;
				SDKROOT = iphoneos;
				SWIFT_ACTIVE_COMPILATION_CONDITIONS = "DEBUG $(inherited)";
				SWIFT_OPTIMIZATION_LEVEL = "-Onone";
			};
			name = Debug;
		};
		C87268152C1F6DBA008FB4D4 /* Release */ = {
			isa = XCBuildConfiguration;
			buildSettings = {
				ALWAYS_SEARCH_USER_PATHS = NO;
				ASSETCATALOG_COMPILER_GENERATE_SWIFT_ASSET_SYMBOL_EXTENSIONS = YES;
				CLANG_ANALYZER_NONNULL = YES;
				CLANG_ANALYZER_NUMBER_OBJECT_CONVERSION = YES_AGGRESSIVE;
				CLANG_CXX_LANGUAGE_STANDARD = "gnu++20";
				CLANG_ENABLE_MODULES = YES;
				CLANG_ENABLE_OBJC_ARC = YES;
				CLANG_ENABLE_OBJC_WEAK = YES;
				CLANG_WARN_BLOCK_CAPTURE_AUTORELEASING = YES;
				CLANG_WARN_BOOL_CONVERSION = YES;
				CLANG_WARN_COMMA = YES;
				CLANG_WARN_CONSTANT_CONVERSION = YES;
				CLANG_WARN_DEPRECATED_OBJC_IMPLEMENTATIONS = YES;
				CLANG_WARN_DIRECT_OBJC_ISA_USAGE = YES_ERROR;
				CLANG_WARN_DOCUMENTATION_COMMENTS = YES;
				CLANG_WARN_EMPTY_BODY = YES;
				CLANG_WARN_ENUM_CONVERSION = YES;
				CLANG_WARN_INFINITE_RECURSION = YES;
				CLANG_WARN_INT_CONVERSION = YES;
				CLANG_WARN_NON_LITERAL_NULL_CONVERSION = YES;
				CLANG_WARN_OBJC_IMPLICIT_RETAIN_SELF = YES;
				CLANG_WARN_OBJC_LITERAL_CONVERSION = YES;
				CLANG_WARN_OBJC_ROOT_CLASS = YES_ERROR;
				CLANG_WARN_QUOTED_INCLUDE_IN_FRAMEWORK_HEADER = YES;
				CLANG_WARN_RANGE_LOOP_ANALYSIS = YES;
				CLANG_WARN_STRICT_PROTOTYPES = YES;
				CLANG_WARN_SUSPICIOUS_MOVE = YES;
				CLANG_WARN_UNGUARDED_AVAILABILITY = YES_AGGRESSIVE;
				CLANG_WARN_UNREACHABLE_CODE = YES;
				CLANG_WARN__DUPLICATE_METHOD_MATCH = YES;
				COPY_PHASE_STRIP = NO;
				DEBUG_INFORMATION_FORMAT = "dwarf-with-dsym";
				ENABLE_NS_ASSERTIONS = NO;
				ENABLE_STRICT_OBJC_MSGSEND = YES;
				ENABLE_USER_SCRIPT_SANDBOXING = YES;
				GCC_C_LANGUAGE_STANDARD = gnu17;
				GCC_NO_COMMON_BLOCKS = YES;
				GCC_WARN_64_TO_32_BIT_CONVERSION = YES;
				GCC_WARN_ABOUT_RETURN_TYPE = YES_ERROR;
				GCC_WARN_UNDECLARED_SELECTOR = YES;
				GCC_WARN_UNINITIALIZED_AUTOS = YES_AGGRESSIVE;
				GCC_WARN_UNUSED_FUNCTION = YES;
				GCC_WARN_UNUSED_VARIABLE = YES;
				IPHONEOS_DEPLOYMENT_TARGET = 17.5;
				LOCALIZATION_PREFERS_STRING_CATALOGS = YES;
				MTL_ENABLE_DEBUG_INFO = NO;
				MTL_FAST_MATH = YES;
				SDKROOT = iphoneos;
				SWIFT_COMPILATION_MODE = wholemodule;
				VALIDATE_PRODUCT = YES;
			};
			name = Release;
		};
		C87268172C1F6DBA008FB4D4 /* Debug */ = {
			isa = XCBuildConfiguration;
			buildSettings = {
				ASSETCATALOG_COMPILER_APPICON_NAME = AppIcon;
				ASSETCATALOG_COMPILER_GLOBAL_ACCENT_COLOR_NAME = AccentColor;
				CODE_SIGN_STYLE = Automatic;
				CURRENT_PROJECT_VERSION = 1;
				DEVELOPMENT_TEAM = V6FS96QSPS;
				GENERATE_INFOPLIST_FILE = YES;
				INFOPLIST_FILE = "Weather App/Info.plist";
				INFOPLIST_KEY_UIApplicationSupportsIndirectInputEvents = YES;
				INFOPLIST_KEY_UILaunchStoryboardName = LaunchScreen;
				INFOPLIST_KEY_UISupportedInterfaceOrientations_iPad = "UIInterfaceOrientationPortrait UIInterfaceOrientationPortraitUpsideDown UIInterfaceOrientationLandscapeLeft UIInterfaceOrientationLandscapeRight";
				INFOPLIST_KEY_UISupportedInterfaceOrientations_iPhone = "UIInterfaceOrientationPortrait UIInterfaceOrientationLandscapeLeft UIInterfaceOrientationLandscapeRight";
				LD_RUNPATH_SEARCH_PATHS = (
					"$(inherited)",
					"@executable_path/Frameworks",
				);
				MARKETING_VERSION = 1.0;
				PRODUCT_BUNDLE_IDENTIFIER = "laverasdev.Weather-App";
				PRODUCT_NAME = "$(TARGET_NAME)";
				SWIFT_EMIT_LOC_STRINGS = YES;
				SWIFT_VERSION = 5.0;
				TARGETED_DEVICE_FAMILY = "1,2";
			};
			name = Debug;
		};
		C87268182C1F6DBA008FB4D4 /* Release */ = {
			isa = XCBuildConfiguration;
			buildSettings = {
				ASSETCATALOG_COMPILER_APPICON_NAME = AppIcon;
				ASSETCATALOG_COMPILER_GLOBAL_ACCENT_COLOR_NAME = AccentColor;
				CODE_SIGN_STYLE = Automatic;
				CURRENT_PROJECT_VERSION = 1;
				DEVELOPMENT_TEAM = V6FS96QSPS;
				GENERATE_INFOPLIST_FILE = YES;
				INFOPLIST_FILE = "Weather App/Info.plist";
				INFOPLIST_KEY_UIApplicationSupportsIndirectInputEvents = YES;
				INFOPLIST_KEY_UILaunchStoryboardName = LaunchScreen;
				INFOPLIST_KEY_UISupportedInterfaceOrientations_iPad = "UIInterfaceOrientationPortrait UIInterfaceOrientationPortraitUpsideDown UIInterfaceOrientationLandscapeLeft UIInterfaceOrientationLandscapeRight";
				INFOPLIST_KEY_UISupportedInterfaceOrientations_iPhone = "UIInterfaceOrientationPortrait UIInterfaceOrientationLandscapeLeft UIInterfaceOrientationLandscapeRight";
				LD_RUNPATH_SEARCH_PATHS = (
					"$(inherited)",
					"@executable_path/Frameworks",
				);
				MARKETING_VERSION = 1.0;
				PRODUCT_BUNDLE_IDENTIFIER = "laverasdev.Weather-App";
				PRODUCT_NAME = "$(TARGET_NAME)";
				SWIFT_EMIT_LOC_STRINGS = YES;
				SWIFT_VERSION = 5.0;
				TARGETED_DEVICE_FAMILY = "1,2";
			};
			name = Release;
		};
		C872681A2C1F6DBA008FB4D4 /* Debug */ = {
			isa = XCBuildConfiguration;
			buildSettings = {
				ALWAYS_EMBED_SWIFT_STANDARD_LIBRARIES = YES;
				BUNDLE_LOADER = "$(TEST_HOST)";
				CODE_SIGN_STYLE = Automatic;
				CURRENT_PROJECT_VERSION = 1;
				DEVELOPMENT_TEAM = V6FS96QSPS;
				GENERATE_INFOPLIST_FILE = YES;
				IPHONEOS_DEPLOYMENT_TARGET = 17.5;
				MARKETING_VERSION = 1.0;
				PRODUCT_BUNDLE_IDENTIFIER = "laverasdev.Weather-AppTests";
				PRODUCT_NAME = "$(TARGET_NAME)";
				SWIFT_EMIT_LOC_STRINGS = NO;
				SWIFT_VERSION = 5.0;
				TARGETED_DEVICE_FAMILY = "1,2";
				TEST_HOST = "$(BUILT_PRODUCTS_DIR)/Weather App.app/$(BUNDLE_EXECUTABLE_FOLDER_PATH)/Weather App";
			};
			name = Debug;
		};
		C872681B2C1F6DBA008FB4D4 /* Release */ = {
			isa = XCBuildConfiguration;
			buildSettings = {
				ALWAYS_EMBED_SWIFT_STANDARD_LIBRARIES = YES;
				BUNDLE_LOADER = "$(TEST_HOST)";
				CODE_SIGN_STYLE = Automatic;
				CURRENT_PROJECT_VERSION = 1;
				DEVELOPMENT_TEAM = V6FS96QSPS;
				GENERATE_INFOPLIST_FILE = YES;
				IPHONEOS_DEPLOYMENT_TARGET = 17.5;
				MARKETING_VERSION = 1.0;
				PRODUCT_BUNDLE_IDENTIFIER = "laverasdev.Weather-AppTests";
				PRODUCT_NAME = "$(TARGET_NAME)";
				SWIFT_EMIT_LOC_STRINGS = NO;
				SWIFT_VERSION = 5.0;
				TARGETED_DEVICE_FAMILY = "1,2";
				TEST_HOST = "$(BUILT_PRODUCTS_DIR)/Weather App.app/$(BUNDLE_EXECUTABLE_FOLDER_PATH)/Weather App";
			};
			name = Release;
		};
		C872681D2C1F6DBA008FB4D4 /* Debug */ = {
			isa = XCBuildConfiguration;
			buildSettings = {
				ALWAYS_EMBED_SWIFT_STANDARD_LIBRARIES = YES;
				CODE_SIGN_STYLE = Automatic;
				CURRENT_PROJECT_VERSION = 1;
				DEVELOPMENT_TEAM = V6FS96QSPS;
				GENERATE_INFOPLIST_FILE = YES;
				MARKETING_VERSION = 1.0;
				PRODUCT_BUNDLE_IDENTIFIER = "laverasdev.Weather-AppUITests";
				PRODUCT_NAME = "$(TARGET_NAME)";
				SWIFT_EMIT_LOC_STRINGS = NO;
				SWIFT_VERSION = 5.0;
				TARGETED_DEVICE_FAMILY = "1,2";
				TEST_TARGET_NAME = "Weather App";
			};
			name = Debug;
		};
		C872681E2C1F6DBA008FB4D4 /* Release */ = {
			isa = XCBuildConfiguration;
			buildSettings = {
				ALWAYS_EMBED_SWIFT_STANDARD_LIBRARIES = YES;
				CODE_SIGN_STYLE = Automatic;
				CURRENT_PROJECT_VERSION = 1;
				DEVELOPMENT_TEAM = V6FS96QSPS;
				GENERATE_INFOPLIST_FILE = YES;
				MARKETING_VERSION = 1.0;
				PRODUCT_BUNDLE_IDENTIFIER = "laverasdev.Weather-AppUITests";
				PRODUCT_NAME = "$(TARGET_NAME)";
				SWIFT_EMIT_LOC_STRINGS = NO;
				SWIFT_VERSION = 5.0;
				TARGETED_DEVICE_FAMILY = "1,2";
				TEST_TARGET_NAME = "Weather App";
			};
			name = Release;
		};
/* End XCBuildConfiguration section */

/* Begin XCConfigurationList section */
		C87267E72C1F6DB9008FB4D4 /* Build configuration list for PBXProject "Weather App" */ = {
			isa = XCConfigurationList;
			buildConfigurations = (
				C87268142C1F6DBA008FB4D4 /* Debug */,
				C87268152C1F6DBA008FB4D4 /* Release */,
			);
			defaultConfigurationIsVisible = 0;
			defaultConfigurationName = Release;
		};
		C87268162C1F6DBA008FB4D4 /* Build configuration list for PBXNativeTarget "Weather App" */ = {
			isa = XCConfigurationList;
			buildConfigurations = (
				C87268172C1F6DBA008FB4D4 /* Debug */,
				C87268182C1F6DBA008FB4D4 /* Release */,
			);
			defaultConfigurationIsVisible = 0;
			defaultConfigurationName = Release;
		};
		C87268192C1F6DBA008FB4D4 /* Build configuration list for PBXNativeTarget "Weather AppTests" */ = {
			isa = XCConfigurationList;
			buildConfigurations = (
				C872681A2C1F6DBA008FB4D4 /* Debug */,
				C872681B2C1F6DBA008FB4D4 /* Release */,
			);
			defaultConfigurationIsVisible = 0;
			defaultConfigurationName = Release;
		};
		C872681C2C1F6DBA008FB4D4 /* Build configuration list for PBXNativeTarget "Weather AppUITests" */ = {
			isa = XCConfigurationList;
			buildConfigurations = (
				C872681D2C1F6DBA008FB4D4 /* Debug */,
				C872681E2C1F6DBA008FB4D4 /* Release */,
			);
			defaultConfigurationIsVisible = 0;
			defaultConfigurationName = Release;
		};
/* End XCConfigurationList section */
	};
	rootObject = C87267E42C1F6DB9008FB4D4 /* Project object */;
}
